// !$*UTF8*$!
{
	archiveVersion = 1;
	classes = {
	};
	objectVersion = 50;
	objects = {

/* Begin PBXBuildFile section */
		1833221026B0CF5600D79482 /* DroidconApp.swift in Sources */ = {isa = PBXBuildFile; fileRef = 1833220F26B0CF5600D79482 /* DroidconApp.swift */; };
		40275E911EDC846356ECC704 /* Pods_Droidcon.framework in Frameworks */ = {isa = PBXBuildFile; fileRef = 21650A71319A7F88D3721407 /* Pods_Droidcon.framework */; };
		46B5284D249C5CF400A7725D /* Koin.swift in Sources */ = {isa = PBXBuildFile; fileRef = 46B5284C249C5CF400A7725D /* Koin.swift */; };
		F1465F0123AA94BF0055F7C3 /* AppDelegate.swift in Sources */ = {isa = PBXBuildFile; fileRef = F1465F0023AA94BF0055F7C3 /* AppDelegate.swift */; };
		F1465F0A23AA94BF0055F7C3 /* Assets.xcassets in Resources */ = {isa = PBXBuildFile; fileRef = F1465F0923AA94BF0055F7C3 /* Assets.xcassets */; };
		F1465F0D23AA94BF0055F7C3 /* LaunchScreen.storyboard in Resources */ = {isa = PBXBuildFile; fileRef = F1465F0B23AA94BF0055F7C3 /* LaunchScreen.storyboard */; };
/* End PBXBuildFile section */

/* Begin PBXFileReference section */
		123B80CBDDCDED37BC525498 /* Pods-Droidcon.debug.xcconfig */ = {isa = PBXFileReference; includeInIndex = 1; lastKnownFileType = text.xcconfig; name = "Pods-Droidcon.debug.xcconfig"; path = "Pods/Target Support Files/Pods-Droidcon/Pods-Droidcon.debug.xcconfig"; sourceTree = "<group>"; };
		1833220F26B0CF5600D79482 /* DroidconApp.swift */ = {isa = PBXFileReference; lastKnownFileType = sourcecode.swift; path = DroidconApp.swift; sourceTree = "<group>"; };
		1DFCC00C8DAA719770A18D1A /* Pods-KaMPKitiOS.release.xcconfig */ = {isa = PBXFileReference; includeInIndex = 1; lastKnownFileType = text.xcconfig; name = "Pods-KaMPKitiOS.release.xcconfig"; path = "Pods/Target Support Files/Pods-KaMPKitiOS/Pods-KaMPKitiOS.release.xcconfig"; sourceTree = "<group>"; };
		21650A71319A7F88D3721407 /* Pods_Droidcon.framework */ = {isa = PBXFileReference; explicitFileType = wrapper.framework; includeInIndex = 0; path = Pods_Droidcon.framework; sourceTree = BUILT_PRODUCTS_DIR; };
		2A1ED6A4A2A53F5F75C58E5F /* Pods-KaMPKitiOS.release.xcconfig */ = {isa = PBXFileReference; includeInIndex = 1; lastKnownFileType = text.xcconfig; name = "Pods-KaMPKitiOS.release.xcconfig"; path = "Pods/Target Support Files/Pods-KaMPKitiOS/Pods-KaMPKitiOS.release.xcconfig"; sourceTree = "<group>"; };
		46B5284C249C5CF400A7725D /* Koin.swift */ = {isa = PBXFileReference; lastKnownFileType = sourcecode.swift; path = Koin.swift; sourceTree = "<group>"; };
		6320A3BB8AB0074AF6CC3597 /* Pods-Droidcon.release.xcconfig */ = {isa = PBXFileReference; includeInIndex = 1; lastKnownFileType = text.xcconfig; name = "Pods-Droidcon.release.xcconfig"; path = "Pods/Target Support Files/Pods-Droidcon/Pods-Droidcon.release.xcconfig"; sourceTree = "<group>"; };
		ED1F782AF3705197012D0C33 /* Pods-KaMPKitiOS.debug.xcconfig */ = {isa = PBXFileReference; includeInIndex = 1; lastKnownFileType = text.xcconfig; name = "Pods-KaMPKitiOS.debug.xcconfig"; path = "Pods/Target Support Files/Pods-KaMPKitiOS/Pods-KaMPKitiOS.debug.xcconfig"; sourceTree = "<group>"; };
		F1465EFD23AA94BF0055F7C3 /* Droidcon.app */ = {isa = PBXFileReference; explicitFileType = wrapper.application; includeInIndex = 0; path = Droidcon.app; sourceTree = BUILT_PRODUCTS_DIR; };
		F1465F0023AA94BF0055F7C3 /* AppDelegate.swift */ = {isa = PBXFileReference; lastKnownFileType = sourcecode.swift; path = AppDelegate.swift; sourceTree = "<group>"; };
		F1465F0923AA94BF0055F7C3 /* Assets.xcassets */ = {isa = PBXFileReference; lastKnownFileType = folder.assetcatalog; path = Assets.xcassets; sourceTree = "<group>"; };
		F1465F0C23AA94BF0055F7C3 /* Base */ = {isa = PBXFileReference; lastKnownFileType = file.storyboard; name = Base; path = Base.lproj/LaunchScreen.storyboard; sourceTree = "<group>"; };
		F1465F0E23AA94BF0055F7C3 /* Info.plist */ = {isa = PBXFileReference; lastKnownFileType = text.plist.xml; path = Info.plist; sourceTree = "<group>"; };
		F9C259C83C689DF8F4602F38 /* Pods-KaMPKitiOS.debug.xcconfig */ = {isa = PBXFileReference; includeInIndex = 1; lastKnownFileType = text.xcconfig; name = "Pods-KaMPKitiOS.debug.xcconfig"; path = "Pods/Target Support Files/Pods-KaMPKitiOS/Pods-KaMPKitiOS.debug.xcconfig"; sourceTree = "<group>"; };
/* End PBXFileReference section */

/* Begin PBXFrameworksBuildPhase section */
		F1465EFA23AA94BF0055F7C3 /* Frameworks */ = {
			isa = PBXFrameworksBuildPhase;
			buildActionMask = 2147483647;
			files = (
				40275E911EDC846356ECC704 /* Pods_Droidcon.framework in Frameworks */,
			);
			runOnlyForDeploymentPostprocessing = 0;
		};
/* End PBXFrameworksBuildPhase section */

/* Begin PBXGroup section */
		6278498AD96A4D949D39BF44 /* Frameworks */ = {
			isa = PBXGroup;
			children = (
				21650A71319A7F88D3721407 /* Pods_Droidcon.framework */,
			);
			name = Frameworks;
			sourceTree = "<group>";
		};
		DF9BBECBCD175B90105DA8D9 /* Pods */ = {
			isa = PBXGroup;
			children = (
				F9C259C83C689DF8F4602F38 /* Pods-KaMPKitiOS.debug.xcconfig */,
				1DFCC00C8DAA719770A18D1A /* Pods-KaMPKitiOS.release.xcconfig */,
				ED1F782AF3705197012D0C33 /* Pods-KaMPKitiOS.debug.xcconfig */,
				2A1ED6A4A2A53F5F75C58E5F /* Pods-KaMPKitiOS.release.xcconfig */,
				123B80CBDDCDED37BC525498 /* Pods-Droidcon.debug.xcconfig */,
				6320A3BB8AB0074AF6CC3597 /* Pods-Droidcon.release.xcconfig */,
			);
			name = Pods;
			sourceTree = "<group>";
		};
		F1465EF423AA94BF0055F7C3 = {
			isa = PBXGroup;
			children = (
				F1465EFF23AA94BF0055F7C3 /* Droidcon */,
				F1465EFE23AA94BF0055F7C3 /* Products */,
				DF9BBECBCD175B90105DA8D9 /* Pods */,
				6278498AD96A4D949D39BF44 /* Frameworks */,
			);
			sourceTree = "<group>";
		};
		F1465EFE23AA94BF0055F7C3 /* Products */ = {
			isa = PBXGroup;
			children = (
				F1465EFD23AA94BF0055F7C3 /* Droidcon.app */,
			);
			name = Products;
			sourceTree = "<group>";
		};
		F1465EFF23AA94BF0055F7C3 /* Droidcon */ = {
			isa = PBXGroup;
			children = (
				F1465F0023AA94BF0055F7C3 /* AppDelegate.swift */,
				46B5284C249C5CF400A7725D /* Koin.swift */,
				F1465F0923AA94BF0055F7C3 /* Assets.xcassets */,
				F1465F0B23AA94BF0055F7C3 /* LaunchScreen.storyboard */,
				F1465F0E23AA94BF0055F7C3 /* Info.plist */,
				1833220F26B0CF5600D79482 /* DroidconApp.swift */,
			);
			path = Droidcon;
			sourceTree = "<group>";
		};
/* End PBXGroup section */

/* Begin PBXNativeTarget section */
		F1465EFC23AA94BF0055F7C3 /* Droidcon */ = {
			isa = PBXNativeTarget;
			buildConfigurationList = F1465F2723AA94C00055F7C3 /* Build configuration list for PBXNativeTarget "Droidcon" */;
			buildPhases = (
				DE3B37D33D11C1968D62DBBA /* [CP] Check Pods Manifest.lock */,
				F1465EF923AA94BF0055F7C3 /* Sources */,
				F1465EFA23AA94BF0055F7C3 /* Frameworks */,
				F1465EFB23AA94BF0055F7C3 /* Resources */,
			);
			buildRules = (
			);
			dependencies = (
			);
			name = Droidcon;
			productName = KaMPKitiOS;
			productReference = F1465EFD23AA94BF0055F7C3 /* Droidcon.app */;
			productType = "com.apple.product-type.application";
		};
/* End PBXNativeTarget section */

/* Begin PBXProject section */
		F1465EF523AA94BF0055F7C3 /* Project object */ = {
			isa = PBXProject;
			attributes = {
				LastSwiftUpdateCheck = 1120;
				LastUpgradeCheck = 1220;
				ORGANIZATIONNAME = Touchlab;
				TargetAttributes = {
					F1465EFC23AA94BF0055F7C3 = {
						CreatedOnToolsVersion = 11.2.1;
					};
				};
			};
			buildConfigurationList = F1465EF823AA94BF0055F7C3 /* Build configuration list for PBXProject "Droidcon" */;
			compatibilityVersion = "Xcode 9.3";
			developmentRegion = en;
			hasScannedForEncodings = 0;
			knownRegions = (
				en,
				Base,
			);
			mainGroup = F1465EF423AA94BF0055F7C3;
			productRefGroup = F1465EFE23AA94BF0055F7C3 /* Products */;
			projectDirPath = "";
			projectRoot = "";
			targets = (
				F1465EFC23AA94BF0055F7C3 /* Droidcon */,
			);
		};
/* End PBXProject section */

/* Begin PBXResourcesBuildPhase section */
		F1465EFB23AA94BF0055F7C3 /* Resources */ = {
			isa = PBXResourcesBuildPhase;
			buildActionMask = 2147483647;
			files = (
				F1465F0D23AA94BF0055F7C3 /* LaunchScreen.storyboard in Resources */,
				F1465F0A23AA94BF0055F7C3 /* Assets.xcassets in Resources */,
			);
			runOnlyForDeploymentPostprocessing = 0;
		};
/* End PBXResourcesBuildPhase section */

/* Begin PBXShellScriptBuildPhase section */
		DE3B37D33D11C1968D62DBBA /* [CP] Check Pods Manifest.lock */ = {
			isa = PBXShellScriptBuildPhase;
			buildActionMask = 2147483647;
			files = (
			);
			inputFileListPaths = (
			);
			inputPaths = (
				"${PODS_PODFILE_DIR_PATH}/Podfile.lock",
				"${PODS_ROOT}/Manifest.lock",
			);
			name = "[CP] Check Pods Manifest.lock";
			outputFileListPaths = (
			);
			outputPaths = (
				"$(DERIVED_FILE_DIR)/Pods-Droidcon-checkManifestLockResult.txt",
			);
			runOnlyForDeploymentPostprocessing = 0;
			shellPath = /bin/sh;
			shellScript = "diff \"${PODS_PODFILE_DIR_PATH}/Podfile.lock\" \"${PODS_ROOT}/Manifest.lock\" > /dev/null\nif [ $? != 0 ] ; then\n    # print error to STDERR\n    echo \"error: The sandbox is not in sync with the Podfile.lock. Run 'pod install' or update your CocoaPods installation.\" >&2\n    exit 1\nfi\n# This output is used by Xcode 'outputs' to avoid re-running this script phase.\necho \"SUCCESS\" > \"${SCRIPT_OUTPUT_FILE_0}\"\n";
			showEnvVarsInLog = 0;
		};
/* End PBXShellScriptBuildPhase section */

/* Begin PBXSourcesBuildPhase section */
		F1465EF923AA94BF0055F7C3 /* Sources */ = {
			isa = PBXSourcesBuildPhase;
			buildActionMask = 2147483647;
			files = (
				1833221026B0CF5600D79482 /* DroidconApp.swift in Sources */,
				46B5284D249C5CF400A7725D /* Koin.swift in Sources */,
				F1465F0123AA94BF0055F7C3 /* AppDelegate.swift in Sources */,
			);
			runOnlyForDeploymentPostprocessing = 0;
		};
/* End PBXSourcesBuildPhase section */

/* Begin PBXVariantGroup section */
		F1465F0B23AA94BF0055F7C3 /* LaunchScreen.storyboard */ = {
			isa = PBXVariantGroup;
			children = (
				F1465F0C23AA94BF0055F7C3 /* Base */,
			);
			name = LaunchScreen.storyboard;
			sourceTree = "<group>";
		};
/* End PBXVariantGroup section */

/* Begin XCBuildConfiguration section */
		F1465F2523AA94C00055F7C3 /* Debug */ = {
			isa = XCBuildConfiguration;
			buildSettings = {
				ALWAYS_SEARCH_USER_PATHS = NO;
				CLANG_ANALYZER_NONNULL = YES;
				CLANG_ANALYZER_NUMBER_OBJECT_CONVERSION = YES_AGGRESSIVE;
				CLANG_CXX_LANGUAGE_STANDARD = "gnu++14";
				CLANG_CXX_LIBRARY = "libc++";
				CLANG_ENABLE_MODULES = YES;
				CLANG_ENABLE_OBJC_ARC = YES;
				CLANG_ENABLE_OBJC_WEAK = YES;
				CLANG_WARN_BLOCK_CAPTURE_AUTORELEASING = YES;
				CLANG_WARN_BOOL_CONVERSION = YES;
				CLANG_WARN_COMMA = YES;
				CLANG_WARN_CONSTANT_CONVERSION = YES;
				CLANG_WARN_DEPRECATED_OBJC_IMPLEMENTATIONS = YES;
				CLANG_WARN_DIRECT_OBJC_ISA_USAGE = YES_ERROR;
				CLANG_WARN_DOCUMENTATION_COMMENTS = YES;
				CLANG_WARN_EMPTY_BODY = YES;
				CLANG_WARN_ENUM_CONVERSION = YES;
				CLANG_WARN_INFINITE_RECURSION = YES;
				CLANG_WARN_INT_CONVERSION = YES;
				CLANG_WARN_NON_LITERAL_NULL_CONVERSION = YES;
				CLANG_WARN_OBJC_IMPLICIT_RETAIN_SELF = YES;
				CLANG_WARN_OBJC_LITERAL_CONVERSION = YES;
				CLANG_WARN_OBJC_ROOT_CLASS = YES_ERROR;
				CLANG_WARN_QUOTED_INCLUDE_IN_FRAMEWORK_HEADER = YES;
				CLANG_WARN_RANGE_LOOP_ANALYSIS = YES;
				CLANG_WARN_STRICT_PROTOTYPES = YES;
				CLANG_WARN_SUSPICIOUS_MOVE = YES;
				CLANG_WARN_UNGUARDED_AVAILABILITY = YES_AGGRESSIVE;
				CLANG_WARN_UNREACHABLE_CODE = YES;
				CLANG_WARN__DUPLICATE_METHOD_MATCH = YES;
				CODE_SIGN_IDENTITY = "Apple Development: brady.aiello@gmail.com (94U525PPDD)";
				COPY_PHASE_STRIP = NO;
				DEBUG_INFORMATION_FORMAT = dwarf;
				DEVELOPMENT_TEAM = 6A5MWU525T;
				ENABLE_STRICT_OBJC_MSGSEND = YES;
				ENABLE_TESTABILITY = YES;
				GCC_C_LANGUAGE_STANDARD = gnu11;
				GCC_DYNAMIC_NO_PIC = NO;
				GCC_NO_COMMON_BLOCKS = YES;
				GCC_OPTIMIZATION_LEVEL = 0;
				GCC_PREPROCESSOR_DEFINITIONS = (
					"DEBUG=1",
					"$(inherited)",
				);
				GCC_WARN_64_TO_32_BIT_CONVERSION = YES;
				GCC_WARN_ABOUT_RETURN_TYPE = YES_ERROR;
				GCC_WARN_UNDECLARED_SELECTOR = YES;
				GCC_WARN_UNINITIALIZED_AUTOS = YES_AGGRESSIVE;
				GCC_WARN_UNUSED_FUNCTION = YES;
				GCC_WARN_UNUSED_VARIABLE = YES;
				IPHONEOS_DEPLOYMENT_TARGET = 14.1;
				MTL_ENABLE_DEBUG_INFO = INCLUDE_SOURCE;
				MTL_FAST_MATH = YES;
				ONLY_ACTIVE_ARCH = YES;
				SDKROOT = iphoneos;
				SWIFT_ACTIVE_COMPILATION_CONDITIONS = DEBUG;
				SWIFT_OPTIMIZATION_LEVEL = "-Onone";
			};
			name = Debug;
		};
		F1465F2623AA94C00055F7C3 /* Release */ = {
			isa = XCBuildConfiguration;
			buildSettings = {
				ALWAYS_SEARCH_USER_PATHS = NO;
				CLANG_ANALYZER_NONNULL = YES;
				CLANG_ANALYZER_NUMBER_OBJECT_CONVERSION = YES_AGGRESSIVE;
				CLANG_CXX_LANGUAGE_STANDARD = "gnu++14";
				CLANG_CXX_LIBRARY = "libc++";
				CLANG_ENABLE_MODULES = YES;
				CLANG_ENABLE_OBJC_ARC = YES;
				CLANG_ENABLE_OBJC_WEAK = YES;
				CLANG_WARN_BLOCK_CAPTURE_AUTORELEASING = YES;
				CLANG_WARN_BOOL_CONVERSION = YES;
				CLANG_WARN_COMMA = YES;
				CLANG_WARN_CONSTANT_CONVERSION = YES;
				CLANG_WARN_DEPRECATED_OBJC_IMPLEMENTATIONS = YES;
				CLANG_WARN_DIRECT_OBJC_ISA_USAGE = YES_ERROR;
				CLANG_WARN_DOCUMENTATION_COMMENTS = YES;
				CLANG_WARN_EMPTY_BODY = YES;
				CLANG_WARN_ENUM_CONVERSION = YES;
				CLANG_WARN_INFINITE_RECURSION = YES;
				CLANG_WARN_INT_CONVERSION = YES;
				CLANG_WARN_NON_LITERAL_NULL_CONVERSION = YES;
				CLANG_WARN_OBJC_IMPLICIT_RETAIN_SELF = YES;
				CLANG_WARN_OBJC_LITERAL_CONVERSION = YES;
				CLANG_WARN_OBJC_ROOT_CLASS = YES_ERROR;
				CLANG_WARN_QUOTED_INCLUDE_IN_FRAMEWORK_HEADER = YES;
				CLANG_WARN_RANGE_LOOP_ANALYSIS = YES;
				CLANG_WARN_STRICT_PROTOTYPES = YES;
				CLANG_WARN_SUSPICIOUS_MOVE = YES;
				CLANG_WARN_UNGUARDED_AVAILABILITY = YES_AGGRESSIVE;
				CLANG_WARN_UNREACHABLE_CODE = YES;
				CLANG_WARN__DUPLICATE_METHOD_MATCH = YES;
				CODE_SIGN_IDENTITY = "Apple Development: brady.aiello@gmail.com (94U525PPDD)";
				COPY_PHASE_STRIP = NO;
				DEBUG_INFORMATION_FORMAT = "dwarf-with-dsym";
				DEVELOPMENT_TEAM = 6A5MWU525T;
				ENABLE_NS_ASSERTIONS = NO;
				ENABLE_STRICT_OBJC_MSGSEND = YES;
				ENABLE_TESTABILITY = YES;
				GCC_C_LANGUAGE_STANDARD = gnu11;
				GCC_NO_COMMON_BLOCKS = YES;
				GCC_WARN_64_TO_32_BIT_CONVERSION = YES;
				GCC_WARN_ABOUT_RETURN_TYPE = YES_ERROR;
				GCC_WARN_UNDECLARED_SELECTOR = YES;
				GCC_WARN_UNINITIALIZED_AUTOS = YES_AGGRESSIVE;
				GCC_WARN_UNUSED_FUNCTION = YES;
				GCC_WARN_UNUSED_VARIABLE = YES;
				IPHONEOS_DEPLOYMENT_TARGET = 14.1;
				MTL_ENABLE_DEBUG_INFO = NO;
				MTL_FAST_MATH = YES;
				ONLY_ACTIVE_ARCH = YES;
				SDKROOT = iphoneos;
				SWIFT_COMPILATION_MODE = wholemodule;
				SWIFT_OPTIMIZATION_LEVEL = "-O";
				VALIDATE_PRODUCT = YES;
			};
			name = Release;
		};
		F1465F2823AA94C00055F7C3 /* Debug */ = {
			isa = XCBuildConfiguration;
			baseConfigurationReference = 123B80CBDDCDED37BC525498 /* Pods-Droidcon.debug.xcconfig */;
			buildSettings = {
				ASSETCATALOG_COMPILER_APPICON_NAME = AppIcon;
				CODE_SIGN_IDENTITY = "Apple Development";
				CODE_SIGN_STYLE = Automatic;
				DEVELOPMENT_TEAM = H5LD3T2655;
				INFOPLIST_FILE = "$(SRCROOT)/Droidcon/Info.plist";
				IPHONEOS_DEPLOYMENT_TARGET = 14.1;
				LD_RUNPATH_SEARCH_PATHS = (
					"$(inherited)",
					"@executable_path/Frameworks",
				);
				OTHER_LDFLAGS = (
					"$(inherited)",
					"-ObjC",
					"-l\"c++\"",
					"-framework",
					"\"DroidconKit\"",
					"-lsqlite3",
				);
				PRODUCT_BUNDLE_IDENTIFIER = tk.co.touchlab.droidcon.ios;
				PRODUCT_NAME = "$(TARGET_NAME)";
				PROVISIONING_PROFILE_SPECIFIER = "";
				SWIFT_VERSION = 5.0;
				TARGETED_DEVICE_FAMILY = "1,2";
			};
			name = Debug;
		};
		F1465F2923AA94C00055F7C3 /* Release */ = {
			isa = XCBuildConfiguration;
			baseConfigurationReference = 6320A3BB8AB0074AF6CC3597 /* Pods-Droidcon.release.xcconfig */;
			buildSettings = {
				ASSETCATALOG_COMPILER_APPICON_NAME = AppIcon;
				CODE_SIGN_IDENTITY = "Apple Development";
				CODE_SIGN_STYLE = Automatic;
				DEVELOPMENT_TEAM = H5LD3T2655;
				INFOPLIST_FILE = "$(SRCROOT)/Droidcon/Info.plist";
				IPHONEOS_DEPLOYMENT_TARGET = 14.1;
				LD_RUNPATH_SEARCH_PATHS = (
					"$(inherited)",
					"@executable_path/Frameworks",
				);
				OTHER_LDFLAGS = (
					"$(inherited)",
					"-ObjC",
					"-l\"c++\"",
					"-framework",
					"\"DroidconKit\"",
					"-lsqlite3",
				);
				PRODUCT_BUNDLE_IDENTIFIER = tk.co.touchlab.droidcon.ios;
				PRODUCT_NAME = "$(TARGET_NAME)";
				PROVISIONING_PROFILE_SPECIFIER = "";
				SWIFT_VERSION = 5.0;
				TARGETED_DEVICE_FAMILY = "1,2";
			};
			name = Release;
		};
/* End XCBuildConfiguration section */

/* Begin XCConfigurationList section */
		F1465EF823AA94BF0055F7C3 /* Build configuration list for PBXProject "Droidcon" */ = {
			isa = XCConfigurationList;
			buildConfigurations = (
				F1465F2523AA94C00055F7C3 /* Debug */,
				F1465F2623AA94C00055F7C3 /* Release */,
			);
			defaultConfigurationIsVisible = 0;
			defaultConfigurationName = Release;
		};
		F1465F2723AA94C00055F7C3 /* Build configuration list for PBXNativeTarget "Droidcon" */ = {
			isa = XCConfigurationList;
			buildConfigurations = (
				F1465F2823AA94C00055F7C3 /* Debug */,
				F1465F2923AA94C00055F7C3 /* Release */,
			);
			defaultConfigurationIsVisible = 0;
			defaultConfigurationName = Release;
		};
/* End XCConfigurationList section */
	};
	rootObject = F1465EF523AA94BF0055F7C3 /* Project object */;
}
