// !$*UTF8*$!
{
	archiveVersion = 1;
	classes = {
	};
	objectVersion = 50;
	objects = {

/* Begin PBXBuildFile section */
		6356313B20DC58F600BCCDF9 /* AppDelegate.swift in Sources */ = {isa = PBXBuildFile; fileRef = 6356313A20DC58F600BCCDF9 /* AppDelegate.swift */; };
		6356314220DC58F700BCCDF9 /* Assets.xcassets in Resources */ = {isa = PBXBuildFile; fileRef = 6356314120DC58F700BCCDF9 /* Assets.xcassets */; };
		6356314520DC58F700BCCDF9 /* LaunchScreen.storyboard in Resources */ = {isa = PBXBuildFile; fileRef = 6356314320DC58F700BCCDF9 /* LaunchScreen.storyboard */; };
		6359EB8F2112650200424B73 /* UITextViewFixed.swift in Sources */ = {isa = PBXBuildFile; fileRef = 6359EB8E2112650200424B73 /* UITextViewFixed.swift */; };
		637100CD210E409E0099FF25 /* MaterialTabNavController.swift in Sources */ = {isa = PBXBuildFile; fileRef = 637100CC210E409E0099FF25 /* MaterialTabNavController.swift */; };
		637100D1210F69160099FF25 /* ApplicationScheme.swift in Sources */ = {isa = PBXBuildFile; fileRef = 637100D0210F69160099FF25 /* ApplicationScheme.swift */; };
		637100D3210F7B410099FF25 /* MaterialAppBarUIViewController.swift in Sources */ = {isa = PBXBuildFile; fileRef = 637100D2210F7B410099FF25 /* MaterialAppBarUIViewController.swift */; };
		637100D7210FC9740099FF25 /* DotView.swift in Sources */ = {isa = PBXBuildFile; fileRef = 637100D6210FC9740099FF25 /* DotView.swift */; };
		637100D9210FF7BD0099FF25 /* SpeakerViewController.swift in Sources */ = {isa = PBXBuildFile; fileRef = 637100D8210FF7BD0099FF25 /* SpeakerViewController.swift */; };
		637100DC211086360099FF25 /* SpeakerInfoCellTableViewCell.swift in Sources */ = {isa = PBXBuildFile; fileRef = 637100DB211086360099FF25 /* SpeakerInfoCellTableViewCell.swift */; };
		63711D3C211143390099FF25 /* about.json in Resources */ = {isa = PBXBuildFile; fileRef = 63711D3B211143390099FF25 /* about.json */; };
		63711D3F2111470A0099FF25 /* AboutInfoTableViewCell.swift in Sources */ = {isa = PBXBuildFile; fileRef = 63711D3E2111470A0099FF25 /* AboutInfoTableViewCell.swift */; };
		6372423720F914D60049263B /* speakers.json in Resources */ = {isa = PBXBuildFile; fileRef = 6372423620F914D60049263B /* speakers.json */; };
		6372423920F915EA0049263B /* schedule.json in Resources */ = {isa = PBXBuildFile; fileRef = 6372423820F915EA0049263B /* schedule.json */; };
		6372423C20F973370049263B /* Main.storyboard in Resources */ = {isa = PBXBuildFile; fileRef = 6372423A20F973370049263B /* Main.storyboard */; };
		6372423E20F975470049263B /* LaunchViewController.swift in Sources */ = {isa = PBXBuildFile; fileRef = 6372423D20F975470049263B /* LaunchViewController.swift */; };
		6372424020F975A70049263B /* ScheduleViewController.swift in Sources */ = {isa = PBXBuildFile; fileRef = 6372423F20F975A70049263B /* ScheduleViewController.swift */; };
		6372424220F9AE240049263B /* ScheduleListCell.swift in Sources */ = {isa = PBXBuildFile; fileRef = 6372424120F9AE240049263B /* ScheduleListCell.swift */; };
		6372424520F9B7800049263B /* AboutViewController.swift in Sources */ = {isa = PBXBuildFile; fileRef = 6372424420F9B7800049263B /* AboutViewController.swift */; };
		6372424720FAD04F0049263B /* EventDetailViewController.swift in Sources */ = {isa = PBXBuildFile; fileRef = 6372424620FAD04F0049263B /* EventDetailViewController.swift */; };
		6372424C20FAD9B40049263B /* SpeakerTableViewCell.xib in Resources */ = {isa = PBXBuildFile; fileRef = 6372424820FAD9B30049263B /* SpeakerTableViewCell.xib */; };
		6372424D20FAD9B40049263B /* SpeakerTableViewCell.swift in Sources */ = {isa = PBXBuildFile; fileRef = 6372424920FAD9B30049263B /* SpeakerTableViewCell.swift */; };
		6372424E20FAD9B40049263B /* EventTableViewCell.swift in Sources */ = {isa = PBXBuildFile; fileRef = 6372424A20FAD9B40049263B /* EventTableViewCell.swift */; };
		6372424F20FAD9B40049263B /* EventTableViewCell.xib in Resources */ = {isa = PBXBuildFile; fileRef = 6372424B20FAD9B40049263B /* EventTableViewCell.xib */; };
		63A76ACD2129E8F80000515D /* SponsorCollectionViewCell.swift in Sources */ = {isa = PBXBuildFile; fileRef = 63A76ACC2129E8F80000515D /* SponsorCollectionViewCell.swift */; };
		63A76ACF2129E93F0000515D /* SponsorViewController.swift in Sources */ = {isa = PBXBuildFile; fileRef = 63A76ACE2129E93F0000515D /* SponsorViewController.swift */; };
		63A76AD12129EFE30000515D /* SponsorGroupCollectionReusableView.swift in Sources */ = {isa = PBXBuildFile; fileRef = 63A76AD02129EFE30000515D /* SponsorGroupCollectionReusableView.swift */; };
		63A76AD32129F1FB0000515D /* sponsors.json in Resources */ = {isa = PBXBuildFile; fileRef = 63A76AD22129F1FB0000515D /* sponsors.json */; };
		63CF388E218E165000BA0367 /* UI.swift in Sources */ = {isa = PBXBuildFile; fileRef = 63CF388D218E165000BA0367 /* UI.swift */; };
		D46A4843224A7E9B00B1D60C /* sponsors.json in Resources */ = {isa = PBXBuildFile; fileRef = 63A76AD22129F1FB0000515D /* sponsors.json */; };
		D46A4844224A7E9B00B1D60C /* speakers.json in Resources */ = {isa = PBXBuildFile; fileRef = 6372423620F914D60049263B /* speakers.json */; };
		D46A4845224A7E9B00B1D60C /* schedule.json in Resources */ = {isa = PBXBuildFile; fileRef = 6372423820F915EA0049263B /* schedule.json */; };
		D46A4846224A7E9B00B1D60C /* about.json in Resources */ = {isa = PBXBuildFile; fileRef = 63711D3B211143390099FF25 /* about.json */; };
		D46A4847224A804200B1D60C /* iosAppTests.swift in Sources */ = {isa = PBXBuildFile; fileRef = 6356314F20DC58F800BCCDF9 /* iosAppTests.swift */; };
		D46A484F224A80D200B1D60C /* iosAppKtTests.swift in Sources */ = {isa = PBXBuildFile; fileRef = D46A484E224A80D200B1D60C /* iosAppKtTests.swift */; };
		D46A4854224A813900B1D60C /* test.framework in Frameworks */ = {isa = PBXBuildFile; fileRef = D4B1BDD7224244C700F778E6 /* test.framework */; };
		D46A4855224A814900B1D60C /* sponsors.json in Resources */ = {isa = PBXBuildFile; fileRef = 63A76AD22129F1FB0000515D /* sponsors.json */; };
		D46A4856224A814900B1D60C /* speakers.json in Resources */ = {isa = PBXBuildFile; fileRef = 6372423620F914D60049263B /* speakers.json */; };
		D46A4857224A814900B1D60C /* schedule.json in Resources */ = {isa = PBXBuildFile; fileRef = 6372423820F915EA0049263B /* schedule.json */; };
		D46A4858224A814900B1D60C /* about.json in Resources */ = {isa = PBXBuildFile; fileRef = 63711D3B211143390099FF25 /* about.json */; };
		D496704C2242808600F276DF /* test.framework in Frameworks */ = {isa = PBXBuildFile; fileRef = D4B1BDD7224244C700F778E6 /* test.framework */; };
		EFCC38925068884E4B4DAD4E /* Pods_iosApp.framework in Frameworks */ = {isa = PBXBuildFile; fileRef = E04CC97704F132875703ACD3 /* Pods_iosApp.framework */; };
/* End PBXBuildFile section */

/* Begin PBXContainerItemProxy section */
		6356314C20DC58F800BCCDF9 /* PBXContainerItemProxy */ = {
			isa = PBXContainerItemProxy;
			containerPortal = 6356312F20DC58F600BCCDF9 /* Project object */;
			proxyType = 1;
			remoteGlobalIDString = 6356313620DC58F600BCCDF9;
			remoteInfo = iosApp;
		};
/* End PBXContainerItemProxy section */

/* Begin PBXFileReference section */
		125AF9578465CC0A904D623C /* Pods-iosApp.debug.xcconfig */ = {isa = PBXFileReference; includeInIndex = 1; lastKnownFileType = text.xcconfig; name = "Pods-iosApp.debug.xcconfig"; path = "Pods/Target Support Files/Pods-iosApp/Pods-iosApp.debug.xcconfig"; sourceTree = "<group>"; };
		1C285D8B24230973F8AA122B /* Pods-iosApp.release.xcconfig */ = {isa = PBXFileReference; includeInIndex = 1; lastKnownFileType = text.xcconfig; name = "Pods-iosApp.release.xcconfig"; path = "Pods/Target Support Files/Pods-iosApp/Pods-iosApp.release.xcconfig"; sourceTree = "<group>"; };
		6356313720DC58F600BCCDF9 /* iosApp.app */ = {isa = PBXFileReference; explicitFileType = wrapper.application; includeInIndex = 0; path = iosApp.app; sourceTree = BUILT_PRODUCTS_DIR; };
		6356313A20DC58F600BCCDF9 /* AppDelegate.swift */ = {isa = PBXFileReference; lastKnownFileType = sourcecode.swift; path = AppDelegate.swift; sourceTree = "<group>"; };
		6356314120DC58F700BCCDF9 /* Assets.xcassets */ = {isa = PBXFileReference; lastKnownFileType = folder.assetcatalog; path = Assets.xcassets; sourceTree = "<group>"; };
		6356314420DC58F700BCCDF9 /* Base */ = {isa = PBXFileReference; lastKnownFileType = file.storyboard; name = Base; path = Base.lproj/LaunchScreen.storyboard; sourceTree = "<group>"; };
		6356314620DC58F700BCCDF9 /* Info.plist */ = {isa = PBXFileReference; lastKnownFileType = text.plist.xml; path = Info.plist; sourceTree = "<group>"; };
		6356314B20DC58F800BCCDF9 /* iosAppTests.xctest */ = {isa = PBXFileReference; explicitFileType = wrapper.cfbundle; includeInIndex = 0; path = iosAppTests.xctest; sourceTree = BUILT_PRODUCTS_DIR; };
		6356314F20DC58F800BCCDF9 /* iosAppTests.swift */ = {isa = PBXFileReference; lastKnownFileType = sourcecode.swift; path = iosAppTests.swift; sourceTree = "<group>"; };
		6356315120DC58F800BCCDF9 /* Info.plist */ = {isa = PBXFileReference; lastKnownFileType = text.plist.xml; path = Info.plist; sourceTree = "<group>"; };
		6359EB8E2112650200424B73 /* UITextViewFixed.swift */ = {isa = PBXFileReference; lastKnownFileType = sourcecode.swift; path = UITextViewFixed.swift; sourceTree = "<group>"; };
		637100CC210E409E0099FF25 /* MaterialTabNavController.swift */ = {isa = PBXFileReference; lastKnownFileType = sourcecode.swift; path = MaterialTabNavController.swift; sourceTree = "<group>"; };
		637100D0210F69160099FF25 /* ApplicationScheme.swift */ = {isa = PBXFileReference; lastKnownFileType = sourcecode.swift; path = ApplicationScheme.swift; sourceTree = "<group>"; };
		637100D2210F7B410099FF25 /* MaterialAppBarUIViewController.swift */ = {isa = PBXFileReference; lastKnownFileType = sourcecode.swift; path = MaterialAppBarUIViewController.swift; sourceTree = "<group>"; };
		637100D6210FC9740099FF25 /* DotView.swift */ = {isa = PBXFileReference; lastKnownFileType = sourcecode.swift; path = DotView.swift; sourceTree = "<group>"; };
		637100D8210FF7BD0099FF25 /* SpeakerViewController.swift */ = {isa = PBXFileReference; lastKnownFileType = sourcecode.swift; path = SpeakerViewController.swift; sourceTree = "<group>"; };
		637100DB211086360099FF25 /* SpeakerInfoCellTableViewCell.swift */ = {isa = PBXFileReference; lastKnownFileType = sourcecode.swift; path = SpeakerInfoCellTableViewCell.swift; sourceTree = "<group>"; };
		63711D3B211143390099FF25 /* about.json */ = {isa = PBXFileReference; lastKnownFileType = text.json; path = about.json; sourceTree = "<group>"; };
		63711D3E2111470A0099FF25 /* AboutInfoTableViewCell.swift */ = {isa = PBXFileReference; lastKnownFileType = sourcecode.swift; path = AboutInfoTableViewCell.swift; sourceTree = "<group>"; };
		6372423620F914D60049263B /* speakers.json */ = {isa = PBXFileReference; lastKnownFileType = text.json; path = speakers.json; sourceTree = "<group>"; };
		6372423820F915EA0049263B /* schedule.json */ = {isa = PBXFileReference; lastKnownFileType = text.json; path = schedule.json; sourceTree = "<group>"; };
		6372423B20F973370049263B /* Base */ = {isa = PBXFileReference; lastKnownFileType = file.storyboard; name = Base; path = Base.lproj/Main.storyboard; sourceTree = "<group>"; };
		6372423D20F975470049263B /* LaunchViewController.swift */ = {isa = PBXFileReference; lastKnownFileType = sourcecode.swift; path = LaunchViewController.swift; sourceTree = "<group>"; };
		6372423F20F975A70049263B /* ScheduleViewController.swift */ = {isa = PBXFileReference; lastKnownFileType = sourcecode.swift; path = ScheduleViewController.swift; sourceTree = "<group>"; };
		6372424120F9AE240049263B /* ScheduleListCell.swift */ = {isa = PBXFileReference; lastKnownFileType = sourcecode.swift; path = ScheduleListCell.swift; sourceTree = "<group>"; };
		6372424420F9B7800049263B /* AboutViewController.swift */ = {isa = PBXFileReference; lastKnownFileType = sourcecode.swift; path = AboutViewController.swift; sourceTree = "<group>"; };
		6372424620FAD04F0049263B /* EventDetailViewController.swift */ = {isa = PBXFileReference; lastKnownFileType = sourcecode.swift; path = EventDetailViewController.swift; sourceTree = "<group>"; };
		6372424820FAD9B30049263B /* SpeakerTableViewCell.xib */ = {isa = PBXFileReference; fileEncoding = 4; lastKnownFileType = file.xib; path = SpeakerTableViewCell.xib; sourceTree = "<group>"; };
		6372424920FAD9B30049263B /* SpeakerTableViewCell.swift */ = {isa = PBXFileReference; fileEncoding = 4; lastKnownFileType = sourcecode.swift; path = SpeakerTableViewCell.swift; sourceTree = "<group>"; };
		6372424A20FAD9B40049263B /* EventTableViewCell.swift */ = {isa = PBXFileReference; fileEncoding = 4; lastKnownFileType = sourcecode.swift; path = EventTableViewCell.swift; sourceTree = "<group>"; };
		6372424B20FAD9B40049263B /* EventTableViewCell.xib */ = {isa = PBXFileReference; fileEncoding = 4; lastKnownFileType = file.xib; path = EventTableViewCell.xib; sourceTree = "<group>"; };
		63A76ACC2129E8F80000515D /* SponsorCollectionViewCell.swift */ = {isa = PBXFileReference; lastKnownFileType = sourcecode.swift; path = SponsorCollectionViewCell.swift; sourceTree = "<group>"; };
		63A76ACE2129E93F0000515D /* SponsorViewController.swift */ = {isa = PBXFileReference; lastKnownFileType = sourcecode.swift; path = SponsorViewController.swift; sourceTree = "<group>"; };
		63A76AD02129EFE30000515D /* SponsorGroupCollectionReusableView.swift */ = {isa = PBXFileReference; lastKnownFileType = sourcecode.swift; path = SponsorGroupCollectionReusableView.swift; sourceTree = "<group>"; };
		63A76AD22129F1FB0000515D /* sponsors.json */ = {isa = PBXFileReference; fileEncoding = 4; lastKnownFileType = text.json; path = sponsors.json; sourceTree = "<group>"; };
		63CF388D218E165000BA0367 /* UI.swift */ = {isa = PBXFileReference; lastKnownFileType = sourcecode.swift; path = UI.swift; sourceTree = "<group>"; };
		D46A484C224A80D200B1D60C /* iosAppKtTests.xctest */ = {isa = PBXFileReference; explicitFileType = wrapper.cfbundle; includeInIndex = 0; path = iosAppKtTests.xctest; sourceTree = BUILT_PRODUCTS_DIR; };
		D46A484E224A80D200B1D60C /* iosAppKtTests.swift */ = {isa = PBXFileReference; lastKnownFileType = sourcecode.swift; path = iosAppKtTests.swift; sourceTree = "<group>"; };
		D46A4850224A80D200B1D60C /* Info.plist */ = {isa = PBXFileReference; lastKnownFileType = text.plist.xml; path = Info.plist; sourceTree = "<group>"; };
		D4B1BDD5224244A100F778E6 /* xcode-frameworks-test */ = {isa = PBXFileReference; lastKnownFileType = folder; name = "xcode-frameworks-test"; path = "../sessionize/lib/build/xcode-frameworks-test"; sourceTree = "<group>"; };
		D4B1BDD7224244C700F778E6 /* test.framework */ = {isa = PBXFileReference; lastKnownFileType = wrapper.framework; name = test.framework; path = "../sessionize/lib/build/xcode-frameworks-test/test.framework"; sourceTree = "<group>"; };
		E04CC97704F132875703ACD3 /* Pods_iosApp.framework */ = {isa = PBXFileReference; explicitFileType = wrapper.framework; includeInIndex = 0; path = Pods_iosApp.framework; sourceTree = BUILT_PRODUCTS_DIR; };
/* End PBXFileReference section */

/* Begin PBXFrameworksBuildPhase section */
		6356313420DC58F600BCCDF9 /* Frameworks */ = {
			isa = PBXFrameworksBuildPhase;
			buildActionMask = 2147483647;
			files = (
				EFCC38925068884E4B4DAD4E /* Pods_iosApp.framework in Frameworks */,
			);
			runOnlyForDeploymentPostprocessing = 0;
		};
		6356314820DC58F800BCCDF9 /* Frameworks */ = {
			isa = PBXFrameworksBuildPhase;
			buildActionMask = 2147483647;
			files = (
				D496704C2242808600F276DF /* test.framework in Frameworks */,
			);
			runOnlyForDeploymentPostprocessing = 0;
		};
		D46A4849224A80D200B1D60C /* Frameworks */ = {
			isa = PBXFrameworksBuildPhase;
			buildActionMask = 2147483647;
			files = (
				D46A4854224A813900B1D60C /* test.framework in Frameworks */,
			);
			runOnlyForDeploymentPostprocessing = 0;
		};
/* End PBXFrameworksBuildPhase section */

/* Begin PBXGroup section */
		54B4B9682B691272D8F8ED02 /* Frameworks */ = {
			isa = PBXGroup;
			children = (
				D4B1BDD7224244C700F778E6 /* test.framework */,
				D4B1BDD5224244A100F778E6 /* xcode-frameworks-test */,
				E04CC97704F132875703ACD3 /* Pods_iosApp.framework */,
			);
			name = Frameworks;
			sourceTree = "<group>";
		};
		6356312E20DC58F600BCCDF9 = {
			isa = PBXGroup;
			children = (
				6356313920DC58F600BCCDF9 /* iosApp */,
				6356314E20DC58F800BCCDF9 /* iosAppTests */,
				D46A484D224A80D200B1D60C /* iosAppKtTests */,
				6356313820DC58F600BCCDF9 /* Products */,
				F51C475F4737FE9D915D4236 /* Pods */,
				54B4B9682B691272D8F8ED02 /* Frameworks */,
			);
			sourceTree = "<group>";
		};
		6356313820DC58F600BCCDF9 /* Products */ = {
			isa = PBXGroup;
			children = (
				6356313720DC58F600BCCDF9 /* iosApp.app */,
				6356314B20DC58F800BCCDF9 /* iosAppTests.xctest */,
				D46A484C224A80D200B1D60C /* iosAppKtTests.xctest */,
			);
			name = Products;
			sourceTree = "<group>";
		};
		6356313920DC58F600BCCDF9 /* iosApp */ = {
			isa = PBXGroup;
			children = (
				63A76AD22129F1FB0000515D /* sponsors.json */,
				63A76ACB2129E8990000515D /* sponsor */,
				63711D3D211146D10099FF25 /* about */,
				63711D3A2110F9040099FF25 /* app */,
				63711D392110F8E10099FF25 /* other */,
				63711D382110F8AA0099FF25 /* event */,
				63711D372110F8620099FF25 /* schedule */,
				637100DA211085F80099FF25 /* speaker */,
				6356314120DC58F700BCCDF9 /* Assets.xcassets */,
				6356314620DC58F700BCCDF9 /* Info.plist */,
				6372423620F914D60049263B /* speakers.json */,
				6372423820F915EA0049263B /* schedule.json */,
				63711D3B211143390099FF25 /* about.json */,
				6359EB8E2112650200424B73 /* UITextViewFixed.swift */,
				63CF388D218E165000BA0367 /* UI.swift */,
			);
			path = iosApp;
			sourceTree = "<group>";
		};
		6356314E20DC58F800BCCDF9 /* iosAppTests */ = {
			isa = PBXGroup;
			children = (
				6356314F20DC58F800BCCDF9 /* iosAppTests.swift */,
				6356315120DC58F800BCCDF9 /* Info.plist */,
			);
			path = iosAppTests;
			sourceTree = "<group>";
		};
		637100DA211085F80099FF25 /* speaker */ = {
			isa = PBXGroup;
			children = (
				637100D8210FF7BD0099FF25 /* SpeakerViewController.swift */,
				637100DB211086360099FF25 /* SpeakerInfoCellTableViewCell.swift */,
			);
			path = speaker;
			sourceTree = "<group>";
		};
		63711D372110F8620099FF25 /* schedule */ = {
			isa = PBXGroup;
			children = (
				6372423F20F975A70049263B /* ScheduleViewController.swift */,
				6372424120F9AE240049263B /* ScheduleListCell.swift */,
				637100D6210FC9740099FF25 /* DotView.swift */,
			);
			path = schedule;
			sourceTree = "<group>";
		};
		63711D382110F8AA0099FF25 /* event */ = {
			isa = PBXGroup;
			children = (
				6372424A20FAD9B40049263B /* EventTableViewCell.swift */,
				6372424B20FAD9B40049263B /* EventTableViewCell.xib */,
				6372424920FAD9B30049263B /* SpeakerTableViewCell.swift */,
				6372424820FAD9B30049263B /* SpeakerTableViewCell.xib */,
				6372424620FAD04F0049263B /* EventDetailViewController.swift */,
			);
			path = event;
			sourceTree = "<group>";
		};
		63711D392110F8E10099FF25 /* other */ = {
			isa = PBXGroup;
			children = (
				6372424420F9B7800049263B /* AboutViewController.swift */,
				63711D3E2111470A0099FF25 /* AboutInfoTableViewCell.swift */,
			);
			path = other;
			sourceTree = "<group>";
		};
		63711D3A2110F9040099FF25 /* app */ = {
			isa = PBXGroup;
			children = (
				6372423A20F973370049263B /* Main.storyboard */,
				6356314320DC58F700BCCDF9 /* LaunchScreen.storyboard */,
				6372423D20F975470049263B /* LaunchViewController.swift */,
				637100D2210F7B410099FF25 /* MaterialAppBarUIViewController.swift */,
				637100CC210E409E0099FF25 /* MaterialTabNavController.swift */,
				6356313A20DC58F600BCCDF9 /* AppDelegate.swift */,
				637100D0210F69160099FF25 /* ApplicationScheme.swift */,
			);
			path = app;
			sourceTree = "<group>";
		};
		63711D3D211146D10099FF25 /* about */ = {
			isa = PBXGroup;
			children = (
			);
			path = about;
			sourceTree = "<group>";
		};
		63A76ACB2129E8990000515D /* sponsor */ = {
			isa = PBXGroup;
			children = (
				63A76ACC2129E8F80000515D /* SponsorCollectionViewCell.swift */,
				63A76ACE2129E93F0000515D /* SponsorViewController.swift */,
				63A76AD02129EFE30000515D /* SponsorGroupCollectionReusableView.swift */,
			);
			path = sponsor;
			sourceTree = "<group>";
		};
		D46A484D224A80D200B1D60C /* iosAppKtTests */ = {
			isa = PBXGroup;
			children = (
				D46A484E224A80D200B1D60C /* iosAppKtTests.swift */,
				D46A4850224A80D200B1D60C /* Info.plist */,
			);
			path = iosAppKtTests;
			sourceTree = "<group>";
		};
		F51C475F4737FE9D915D4236 /* Pods */ = {
			isa = PBXGroup;
			children = (
				125AF9578465CC0A904D623C /* Pods-iosApp.debug.xcconfig */,
				1C285D8B24230973F8AA122B /* Pods-iosApp.release.xcconfig */,
			);
			name = Pods;
			sourceTree = "<group>";
		};
/* End PBXGroup section */

/* Begin PBXNativeTarget section */
		6356313620DC58F600BCCDF9 /* iosApp */ = {
			isa = PBXNativeTarget;
			buildConfigurationList = 6356315420DC58F800BCCDF9 /* Build configuration list for PBXNativeTarget "iosApp" */;
			buildPhases = (
				81B84390B07E56A66415404A /* [CP] Check Pods Manifest.lock */,
				6356313320DC58F600BCCDF9 /* Sources */,
				6356313420DC58F600BCCDF9 /* Frameworks */,
				6356313520DC58F600BCCDF9 /* Resources */,
				0DCB78009BA7F3A64B6F74B5 /* [CP] Embed Pods Frameworks */,
				6359EB922113CB2E00424B73 /* ShellScript */,
			);
			buildRules = (
			);
			dependencies = (
			);
			name = iosApp;
			productName = iosApp;
			productReference = 6356313720DC58F600BCCDF9 /* iosApp.app */;
			productType = "com.apple.product-type.application";
		};
		6356314A20DC58F800BCCDF9 /* iosAppTests */ = {
			isa = PBXNativeTarget;
			buildConfigurationList = 6356315720DC58F800BCCDF9 /* Build configuration list for PBXNativeTarget "iosAppTests" */;
			buildPhases = (
				6356314720DC58F800BCCDF9 /* Sources */,
				6356314820DC58F800BCCDF9 /* Frameworks */,
				6356314920DC58F800BCCDF9 /* Resources */,
			);
			buildRules = (
			);
			dependencies = (
				6356314D20DC58F800BCCDF9 /* PBXTargetDependency */,
			);
			name = iosAppTests;
			productName = iosAppTests;
			productReference = 6356314B20DC58F800BCCDF9 /* iosAppTests.xctest */;
			productType = "com.apple.product-type.bundle.unit-test";
		};
		D46A484B224A80D200B1D60C /* iosAppKtTests */ = {
			isa = PBXNativeTarget;
			buildConfigurationList = D46A4851224A80D200B1D60C /* Build configuration list for PBXNativeTarget "iosAppKtTests" */;
			buildPhases = (
				D46A4859224A883600B1D60C /* ShellScript */,
				D46A4848224A80D200B1D60C /* Sources */,
				D46A4849224A80D200B1D60C /* Frameworks */,
				D46A484A224A80D200B1D60C /* Resources */,
			);
			buildRules = (
			);
			dependencies = (
			);
			name = iosAppKtTests;
			productName = iosAppKtTests;
			productReference = D46A484C224A80D200B1D60C /* iosAppKtTests.xctest */;
			productType = "com.apple.product-type.bundle.unit-test";
		};
/* End PBXNativeTarget section */

/* Begin PBXProject section */
		6356312F20DC58F600BCCDF9 /* Project object */ = {
			isa = PBXProject;
			attributes = {
				LastSwiftUpdateCheck = 1010;
				LastUpgradeCheck = 0940;
				ORGANIZATIONNAME = "Kevin Galligan";
				TargetAttributes = {
					6356313620DC58F600BCCDF9 = {
						CreatedOnToolsVersion = 9.4;
					};
					6356314A20DC58F800BCCDF9 = {
						CreatedOnToolsVersion = 9.4;
						TestTargetID = 6356313620DC58F600BCCDF9;
					};
					D46A484B224A80D200B1D60C = {
						CreatedOnToolsVersion = 10.1;
					};
				};
			};
			buildConfigurationList = 6356313220DC58F600BCCDF9 /* Build configuration list for PBXProject "iosApp" */;
			compatibilityVersion = "Xcode 9.3";
			developmentRegion = en;
			hasScannedForEncodings = 0;
			knownRegions = (
				en,
				Base,
			);
			mainGroup = 6356312E20DC58F600BCCDF9;
			productRefGroup = 6356313820DC58F600BCCDF9 /* Products */;
			projectDirPath = "";
			projectRoot = "";
			targets = (
				6356313620DC58F600BCCDF9 /* iosApp */,
				6356314A20DC58F800BCCDF9 /* iosAppTests */,
				D46A484B224A80D200B1D60C /* iosAppKtTests */,
			);
		};
/* End PBXProject section */

/* Begin PBXResourcesBuildPhase section */
		6356313520DC58F600BCCDF9 /* Resources */ = {
			isa = PBXResourcesBuildPhase;
			buildActionMask = 2147483647;
			files = (
				6356314520DC58F700BCCDF9 /* LaunchScreen.storyboard in Resources */,
				6372423920F915EA0049263B /* schedule.json in Resources */,
				6372424C20FAD9B40049263B /* SpeakerTableViewCell.xib in Resources */,
				6356314220DC58F700BCCDF9 /* Assets.xcassets in Resources */,
				63A76AD32129F1FB0000515D /* sponsors.json in Resources */,
				6372424F20FAD9B40049263B /* EventTableViewCell.xib in Resources */,
				63711D3C211143390099FF25 /* about.json in Resources */,
				6372423C20F973370049263B /* Main.storyboard in Resources */,
				6372423720F914D60049263B /* speakers.json in Resources */,
			);
			runOnlyForDeploymentPostprocessing = 0;
		};
		6356314920DC58F800BCCDF9 /* Resources */ = {
			isa = PBXResourcesBuildPhase;
			buildActionMask = 2147483647;
			files = (
				D46A4843224A7E9B00B1D60C /* sponsors.json in Resources */,
				D46A4844224A7E9B00B1D60C /* speakers.json in Resources */,
				D46A4845224A7E9B00B1D60C /* schedule.json in Resources */,
				D46A4846224A7E9B00B1D60C /* about.json in Resources */,
			);
			runOnlyForDeploymentPostprocessing = 0;
		};
		D46A484A224A80D200B1D60C /* Resources */ = {
			isa = PBXResourcesBuildPhase;
			buildActionMask = 2147483647;
			files = (
				D46A4855224A814900B1D60C /* sponsors.json in Resources */,
				D46A4856224A814900B1D60C /* speakers.json in Resources */,
				D46A4857224A814900B1D60C /* schedule.json in Resources */,
				D46A4858224A814900B1D60C /* about.json in Resources */,
			);
			runOnlyForDeploymentPostprocessing = 0;
		};
/* End PBXResourcesBuildPhase section */

/* Begin PBXShellScriptBuildPhase section */
		0DCB78009BA7F3A64B6F74B5 /* [CP] Embed Pods Frameworks */ = {
			isa = PBXShellScriptBuildPhase;
			buildActionMask = 2147483647;
			files = (
			);
			inputPaths = (
				"${SRCROOT}/Pods/Target Support Files/Pods-iosApp/Pods-iosApp-frameworks.sh",
				"${BUILT_PRODUCTS_DIR}/Kingfisher/Kingfisher.framework",
				"${BUILT_PRODUCTS_DIR}/MDFInternationalization/MDFInternationalization.framework",
				"${BUILT_PRODUCTS_DIR}/MDFTextAccessibility/MDFTextAccessibility.framework",
				"${BUILT_PRODUCTS_DIR}/MaterialComponents/MaterialComponents.framework",
				"${BUILT_PRODUCTS_DIR}/MotionAnimator/MotionAnimator.framework",
				"${BUILT_PRODUCTS_DIR}/MotionInterchange/MotionInterchange.framework",
				"${BUILT_PRODUCTS_DIR}/MotionTransitioning/MotionTransitioning.framework",
			);
			name = "[CP] Embed Pods Frameworks";
			outputPaths = (
				"${TARGET_BUILD_DIR}/${FRAMEWORKS_FOLDER_PATH}/Kingfisher.framework",
				"${TARGET_BUILD_DIR}/${FRAMEWORKS_FOLDER_PATH}/MDFInternationalization.framework",
				"${TARGET_BUILD_DIR}/${FRAMEWORKS_FOLDER_PATH}/MDFTextAccessibility.framework",
				"${TARGET_BUILD_DIR}/${FRAMEWORKS_FOLDER_PATH}/MaterialComponents.framework",
				"${TARGET_BUILD_DIR}/${FRAMEWORKS_FOLDER_PATH}/MotionAnimator.framework",
				"${TARGET_BUILD_DIR}/${FRAMEWORKS_FOLDER_PATH}/MotionInterchange.framework",
				"${TARGET_BUILD_DIR}/${FRAMEWORKS_FOLDER_PATH}/MotionTransitioning.framework",
			);
			runOnlyForDeploymentPostprocessing = 0;
			shellPath = /bin/sh;
			shellScript = "\"${SRCROOT}/Pods/Target Support Files/Pods-iosApp/Pods-iosApp-frameworks.sh\"\n";
			showEnvVarsInLog = 0;
		};
		6359EB922113CB2E00424B73 /* ShellScript */ = {
			isa = PBXShellScriptBuildPhase;
			buildActionMask = 2147483647;
			files = (
			);
			inputPaths = (
			);
			outputPaths = (
			);
			runOnlyForDeploymentPostprocessing = 0;
			shellPath = /bin/sh;
			shellScript = "\"${PODS_ROOT}/Fabric/run\" 90b5b9675372e1f2aff36d43ea5d6869040d37f3 a70308da17e66d33b166e029eabb96754f40e2dd2ec0fefd2a48e1c89e76f7a6\n";
		};
		81B84390B07E56A66415404A /* [CP] Check Pods Manifest.lock */ = {
			isa = PBXShellScriptBuildPhase;
			buildActionMask = 2147483647;
			files = (
			);
			inputPaths = (
				"${PODS_PODFILE_DIR_PATH}/Podfile.lock",
				"${PODS_ROOT}/Manifest.lock",
			);
			name = "[CP] Check Pods Manifest.lock";
			outputPaths = (
				"$(DERIVED_FILE_DIR)/Pods-iosApp-checkManifestLockResult.txt",
			);
			runOnlyForDeploymentPostprocessing = 0;
			shellPath = /bin/sh;
			shellScript = "diff \"${PODS_PODFILE_DIR_PATH}/Podfile.lock\" \"${PODS_ROOT}/Manifest.lock\" > /dev/null\nif [ $? != 0 ] ; then\n    # print error to STDERR\n    echo \"error: The sandbox is not in sync with the Podfile.lock. Run 'pod install' or update your CocoaPods installation.\" >&2\n    exit 1\nfi\n# This output is used by Xcode 'outputs' to avoid re-running this script phase.\necho \"SUCCESS\" > \"${SCRIPT_OUTPUT_FILE_0}\"\n";
			showEnvVarsInLog = 0;
		};
		D46A4859224A883600B1D60C /* ShellScript */ = {
			isa = PBXShellScriptBuildPhase;
			buildActionMask = 2147483647;
			files = (
			);
			inputFileListPaths = (
			);
			inputPaths = (
			);
			outputFileListPaths = (
			);
			outputPaths = (
			);
			runOnlyForDeploymentPostprocessing = 0;
			shellPath = /bin/sh;
			shellScript = "cd \"$SRCROOT/../sessionize/lib/build/xcode-frameworks\"\n./gradlew :sessionize:lib:packForXCodeTest\n";
		};
/* End PBXShellScriptBuildPhase section */

/* Begin PBXSourcesBuildPhase section */
		6356313320DC58F600BCCDF9 /* Sources */ = {
			isa = PBXSourcesBuildPhase;
			buildActionMask = 2147483647;
			files = (
				637100D9210FF7BD0099FF25 /* SpeakerViewController.swift in Sources */,
				6372424E20FAD9B40049263B /* EventTableViewCell.swift in Sources */,
				63A76AD12129EFE30000515D /* SponsorGroupCollectionReusableView.swift in Sources */,
				637100D3210F7B410099FF25 /* MaterialAppBarUIViewController.swift in Sources */,
				637100D7210FC9740099FF25 /* DotView.swift in Sources */,
				63A76ACD2129E8F80000515D /* SponsorCollectionViewCell.swift in Sources */,
				637100D1210F69160099FF25 /* ApplicationScheme.swift in Sources */,
				637100DC211086360099FF25 /* SpeakerInfoCellTableViewCell.swift in Sources */,
				6372424720FAD04F0049263B /* EventDetailViewController.swift in Sources */,
				6372424D20FAD9B40049263B /* SpeakerTableViewCell.swift in Sources */,
				6372424520F9B7800049263B /* AboutViewController.swift in Sources */,
				63711D3F2111470A0099FF25 /* AboutInfoTableViewCell.swift in Sources */,
				6372424220F9AE240049263B /* ScheduleListCell.swift in Sources */,
				63CF388E218E165000BA0367 /* UI.swift in Sources */,
				637100CD210E409E0099FF25 /* MaterialTabNavController.swift in Sources */,
				6372423E20F975470049263B /* LaunchViewController.swift in Sources */,
				6356313B20DC58F600BCCDF9 /* AppDelegate.swift in Sources */,
				63A76ACF2129E93F0000515D /* SponsorViewController.swift in Sources */,
				6359EB8F2112650200424B73 /* UITextViewFixed.swift in Sources */,
				6372424020F975A70049263B /* ScheduleViewController.swift in Sources */,
			);
			runOnlyForDeploymentPostprocessing = 0;
		};
		6356314720DC58F800BCCDF9 /* Sources */ = {
			isa = PBXSourcesBuildPhase;
			buildActionMask = 2147483647;
			files = (
				D46A4847224A804200B1D60C /* iosAppTests.swift in Sources */,
			);
			runOnlyForDeploymentPostprocessing = 0;
		};
		D46A4848224A80D200B1D60C /* Sources */ = {
			isa = PBXSourcesBuildPhase;
			buildActionMask = 2147483647;
			files = (
				D46A484F224A80D200B1D60C /* iosAppKtTests.swift in Sources */,
			);
			runOnlyForDeploymentPostprocessing = 0;
		};
/* End PBXSourcesBuildPhase section */

/* Begin PBXTargetDependency section */
		6356314D20DC58F800BCCDF9 /* PBXTargetDependency */ = {
			isa = PBXTargetDependency;
			target = 6356313620DC58F600BCCDF9 /* iosApp */;
			targetProxy = 6356314C20DC58F800BCCDF9 /* PBXContainerItemProxy */;
		};
/* End PBXTargetDependency section */

/* Begin PBXVariantGroup section */
		6356314320DC58F700BCCDF9 /* LaunchScreen.storyboard */ = {
			isa = PBXVariantGroup;
			children = (
				6356314420DC58F700BCCDF9 /* Base */,
			);
			name = LaunchScreen.storyboard;
			sourceTree = "<group>";
		};
		6372423A20F973370049263B /* Main.storyboard */ = {
			isa = PBXVariantGroup;
			children = (
				6372423B20F973370049263B /* Base */,
			);
			name = Main.storyboard;
			sourceTree = "<group>";
		};
/* End PBXVariantGroup section */

/* Begin XCBuildConfiguration section */
		6356315220DC58F800BCCDF9 /* Debug */ = {
			isa = XCBuildConfiguration;
			buildSettings = {
				ALWAYS_SEARCH_USER_PATHS = NO;
				CLANG_ANALYZER_NONNULL = YES;
				CLANG_ANALYZER_NUMBER_OBJECT_CONVERSION = YES_AGGRESSIVE;
				CLANG_CXX_LANGUAGE_STANDARD = "gnu++14";
				CLANG_CXX_LIBRARY = "libc++";
				CLANG_ENABLE_MODULES = YES;
				CLANG_ENABLE_OBJC_ARC = YES;
				CLANG_ENABLE_OBJC_WEAK = YES;
				CLANG_WARN_BLOCK_CAPTURE_AUTORELEASING = YES;
				CLANG_WARN_BOOL_CONVERSION = YES;
				CLANG_WARN_COMMA = YES;
				CLANG_WARN_CONSTANT_CONVERSION = YES;
				CLANG_WARN_DEPRECATED_OBJC_IMPLEMENTATIONS = YES;
				CLANG_WARN_DIRECT_OBJC_ISA_USAGE = YES_ERROR;
				CLANG_WARN_DOCUMENTATION_COMMENTS = YES;
				CLANG_WARN_EMPTY_BODY = YES;
				CLANG_WARN_ENUM_CONVERSION = YES;
				CLANG_WARN_INFINITE_RECURSION = YES;
				CLANG_WARN_INT_CONVERSION = YES;
				CLANG_WARN_NON_LITERAL_NULL_CONVERSION = YES;
				CLANG_WARN_OBJC_IMPLICIT_RETAIN_SELF = YES;
				CLANG_WARN_OBJC_LITERAL_CONVERSION = YES;
				CLANG_WARN_OBJC_ROOT_CLASS = YES_ERROR;
				CLANG_WARN_RANGE_LOOP_ANALYSIS = YES;
				CLANG_WARN_STRICT_PROTOTYPES = YES;
				CLANG_WARN_SUSPICIOUS_MOVE = YES;
				CLANG_WARN_UNGUARDED_AVAILABILITY = YES_AGGRESSIVE;
				CLANG_WARN_UNREACHABLE_CODE = YES;
				CLANG_WARN__DUPLICATE_METHOD_MATCH = YES;
				CODE_SIGN_IDENTITY = "iPhone Developer";
				COPY_PHASE_STRIP = NO;
				DEBUG_INFORMATION_FORMAT = dwarf;
				ENABLE_STRICT_OBJC_MSGSEND = YES;
				ENABLE_TESTABILITY = YES;
				GCC_C_LANGUAGE_STANDARD = gnu11;
				GCC_DYNAMIC_NO_PIC = NO;
				GCC_NO_COMMON_BLOCKS = YES;
				GCC_OPTIMIZATION_LEVEL = 0;
				GCC_PREPROCESSOR_DEFINITIONS = (
					"DEBUG=1",
					"$(inherited)",
				);
				GCC_WARN_64_TO_32_BIT_CONVERSION = YES;
				GCC_WARN_ABOUT_RETURN_TYPE = YES_ERROR;
				GCC_WARN_UNDECLARED_SELECTOR = YES;
				GCC_WARN_UNINITIALIZED_AUTOS = YES_AGGRESSIVE;
				GCC_WARN_UNUSED_FUNCTION = YES;
				GCC_WARN_UNUSED_VARIABLE = YES;
				IPHONEOS_DEPLOYMENT_TARGET = 11.4;
				MTL_ENABLE_DEBUG_INFO = YES;
				ONLY_ACTIVE_ARCH = YES;
				SDKROOT = iphoneos;
				SWIFT_ACTIVE_COMPILATION_CONDITIONS = DEBUG;
				SWIFT_OPTIMIZATION_LEVEL = "-Onone";
			};
			name = Debug;
		};
		6356315320DC58F800BCCDF9 /* Release */ = {
			isa = XCBuildConfiguration;
			buildSettings = {
				ALWAYS_SEARCH_USER_PATHS = NO;
				CLANG_ANALYZER_NONNULL = YES;
				CLANG_ANALYZER_NUMBER_OBJECT_CONVERSION = YES_AGGRESSIVE;
				CLANG_CXX_LANGUAGE_STANDARD = "gnu++14";
				CLANG_CXX_LIBRARY = "libc++";
				CLANG_ENABLE_MODULES = YES;
				CLANG_ENABLE_OBJC_ARC = YES;
				CLANG_ENABLE_OBJC_WEAK = YES;
				CLANG_WARN_BLOCK_CAPTURE_AUTORELEASING = YES;
				CLANG_WARN_BOOL_CONVERSION = YES;
				CLANG_WARN_COMMA = YES;
				CLANG_WARN_CONSTANT_CONVERSION = YES;
				CLANG_WARN_DEPRECATED_OBJC_IMPLEMENTATIONS = YES;
				CLANG_WARN_DIRECT_OBJC_ISA_USAGE = YES_ERROR;
				CLANG_WARN_DOCUMENTATION_COMMENTS = YES;
				CLANG_WARN_EMPTY_BODY = YES;
				CLANG_WARN_ENUM_CONVERSION = YES;
				CLANG_WARN_INFINITE_RECURSION = YES;
				CLANG_WARN_INT_CONVERSION = YES;
				CLANG_WARN_NON_LITERAL_NULL_CONVERSION = YES;
				CLANG_WARN_OBJC_IMPLICIT_RETAIN_SELF = YES;
				CLANG_WARN_OBJC_LITERAL_CONVERSION = YES;
				CLANG_WARN_OBJC_ROOT_CLASS = YES_ERROR;
				CLANG_WARN_RANGE_LOOP_ANALYSIS = YES;
				CLANG_WARN_STRICT_PROTOTYPES = YES;
				CLANG_WARN_SUSPICIOUS_MOVE = YES;
				CLANG_WARN_UNGUARDED_AVAILABILITY = YES_AGGRESSIVE;
				CLANG_WARN_UNREACHABLE_CODE = YES;
				CLANG_WARN__DUPLICATE_METHOD_MATCH = YES;
				CODE_SIGN_IDENTITY = "iPhone Developer";
				COPY_PHASE_STRIP = NO;
				DEBUG_INFORMATION_FORMAT = "dwarf-with-dsym";
				ENABLE_NS_ASSERTIONS = NO;
				ENABLE_STRICT_OBJC_MSGSEND = YES;
				GCC_C_LANGUAGE_STANDARD = gnu11;
				GCC_NO_COMMON_BLOCKS = YES;
				GCC_WARN_64_TO_32_BIT_CONVERSION = YES;
				GCC_WARN_ABOUT_RETURN_TYPE = YES_ERROR;
				GCC_WARN_UNDECLARED_SELECTOR = YES;
				GCC_WARN_UNINITIALIZED_AUTOS = YES_AGGRESSIVE;
				GCC_WARN_UNUSED_FUNCTION = YES;
				GCC_WARN_UNUSED_VARIABLE = YES;
				IPHONEOS_DEPLOYMENT_TARGET = 11.4;
				MTL_ENABLE_DEBUG_INFO = NO;
				SDKROOT = iphoneos;
				SWIFT_COMPILATION_MODE = wholemodule;
				SWIFT_OPTIMIZATION_LEVEL = "-O";
				VALIDATE_PRODUCT = YES;
			};
			name = Release;
		};
		6356315520DC58F800BCCDF9 /* Debug */ = {
			isa = XCBuildConfiguration;
			baseConfigurationReference = 125AF9578465CC0A904D623C /* Pods-iosApp.debug.xcconfig */;
			buildSettings = {
				ASSETCATALOG_COMPILER_APPICON_NAME = AppIcon;
				CODE_SIGN_STYLE = Automatic;
				DEBUG_INFORMATION_FORMAT = "dwarf-with-dsym";
				DEVELOPMENT_TEAM = 2UER9BPG44;
				ENABLE_BITCODE = YES;
				FRAMEWORK_SEARCH_PATHS = (
					"$(inherited)",
					"\"${PODS_CONFIGURATION_BUILD_DIR}/Kingfisher\"",
					"\"${PODS_CONFIGURATION_BUILD_DIR}/MDFInternationalization\"",
					"\"${PODS_CONFIGURATION_BUILD_DIR}/MDFTextAccessibility\"",
					"\"${PODS_CONFIGURATION_BUILD_DIR}/MaterialComponents\"",
					"\"${PODS_CONFIGURATION_BUILD_DIR}/MotionAnimator\"",
					"\"${PODS_CONFIGURATION_BUILD_DIR}/MotionInterchange\"",
					"\"${PODS_CONFIGURATION_BUILD_DIR}/MotionTransitioning\"",
					"\"${PODS_ROOT}/Crashlytics/iOS\"",
					"\"${PODS_ROOT}/Fabric/iOS\"",
				);
				HEADER_SEARCH_PATHS = (
					"$(inherited)",
					"\"${PODS_ROOT}/Headers/Public\"",
					"\"${PODS_ROOT}/Headers/Public/Crashlytics\"",
					"\"${PODS_ROOT}/Headers/Public/Fabric\"",
					"/Users/kgalligan/devel_kmp/kotlin-native-latest/runtime/src/main/cpp",
				);
				INFOPLIST_FILE = iosApp/Info.plist;
				LD_RUNPATH_SEARCH_PATHS = (
					"$(inherited)",
					"@executable_path/Frameworks",
				);
				OTHER_LDFLAGS = (
					"$(inherited)",
					"-ObjC",
					"-l\"c++\"",
					"-l\"z\"",
					"-framework",
					"\"Crashlytics\"",
					"-framework",
					"\"Fabric\"",
					"-framework",
					"\"Kingfisher\"",
					"-framework",
					"\"MDFInternationalization\"",
					"-framework",
					"\"MDFTextAccessibility\"",
					"-framework",
					"\"MaterialComponents\"",
					"-framework",
					"\"MotionAnimator\"",
					"-framework",
					"\"MotionInterchange\"",
					"-framework",
					"\"MotionTransitioning\"",
					"-framework",
					"\"Security\"",
					"-framework",
					"\"SystemConfiguration\"",
					"-framework",
					"\"UIKit\"",
					"-framework",
					"\"lib\"",
					"-framework",
					"\"lib_umbrella\"",
					"-lsqlite3",
				);
				PRODUCT_BUNDLE_IDENTIFIER = co.touchlab.ios.albany;
				PRODUCT_NAME = "$(TARGET_NAME)";
				SWIFT_VERSION = 4.0;
				TARGETED_DEVICE_FAMILY = "1,2";
			};
			name = Debug;
		};
		6356315620DC58F800BCCDF9 /* Release */ = {
			isa = XCBuildConfiguration;
			baseConfigurationReference = 1C285D8B24230973F8AA122B /* Pods-iosApp.release.xcconfig */;
			buildSettings = {
				ASSETCATALOG_COMPILER_APPICON_NAME = AppIcon;
				CODE_SIGN_STYLE = Automatic;
				DEVELOPMENT_TEAM = 2UER9BPG44;
				ENABLE_BITCODE = YES;
				FRAMEWORK_SEARCH_PATHS = (
					"$(inherited)",
					"\"${PODS_CONFIGURATION_BUILD_DIR}/Kingfisher\"",
					"\"${PODS_CONFIGURATION_BUILD_DIR}/MDFInternationalization\"",
					"\"${PODS_CONFIGURATION_BUILD_DIR}/MDFTextAccessibility\"",
					"\"${PODS_CONFIGURATION_BUILD_DIR}/MaterialComponents\"",
					"\"${PODS_CONFIGURATION_BUILD_DIR}/MotionAnimator\"",
					"\"${PODS_CONFIGURATION_BUILD_DIR}/MotionInterchange\"",
					"\"${PODS_CONFIGURATION_BUILD_DIR}/MotionTransitioning\"",
					"\"${PODS_ROOT}/Crashlytics/iOS\"",
					"\"${PODS_ROOT}/Fabric/iOS\"",
				);
				HEADER_SEARCH_PATHS = (
					"$(inherited)",
					"\"${PODS_ROOT}/Headers/Public\"",
					"\"${PODS_ROOT}/Headers/Public/Crashlytics\"",
					"\"${PODS_ROOT}/Headers/Public/Fabric\"",
					"/Users/kgalligan/devel_kmp/kotlin-native-latest/runtime/src/main/cpp",
				);
				INFOPLIST_FILE = iosApp/Info.plist;
				LD_RUNPATH_SEARCH_PATHS = (
					"$(inherited)",
					"@executable_path/Frameworks",
				);
				OTHER_LDFLAGS = (
					"$(inherited)",
					"-ObjC",
					"-l\"c++\"",
					"-l\"z\"",
					"-framework",
					"\"Crashlytics\"",
					"-framework",
					"\"Fabric\"",
					"-framework",
					"\"Kingfisher\"",
					"-framework",
					"\"MDFInternationalization\"",
					"-framework",
					"\"MDFTextAccessibility\"",
					"-framework",
					"\"MaterialComponents\"",
					"-framework",
					"\"MotionAnimator\"",
					"-framework",
					"\"MotionInterchange\"",
					"-framework",
					"\"MotionTransitioning\"",
					"-framework",
					"\"Security\"",
					"-framework",
					"\"SystemConfiguration\"",
					"-framework",
					"\"UIKit\"",
					"-framework",
					"\"lib\"",
					"-framework",
					"\"lib_umbrella\"",
					"-lsqlite3",
				);
				PRODUCT_BUNDLE_IDENTIFIER = co.touchlab.ios.albany;
				PRODUCT_NAME = "$(TARGET_NAME)";
				SWIFT_VERSION = 4.0;
				TARGETED_DEVICE_FAMILY = "1,2";
			};
			name = Release;
		};
		6356315820DC58F800BCCDF9 /* Debug */ = {
			isa = XCBuildConfiguration;
			buildSettings = {
				ALWAYS_EMBED_SWIFT_STANDARD_LIBRARIES = YES;
				BUNDLE_LOADER = "$(TEST_HOST)";
				CODE_SIGN_STYLE = Automatic;
				FRAMEWORK_SEARCH_PATHS = (
					"$(inherited)",
					"\"${PODS_CONFIGURATION_BUILD_DIR}/Kingfisher\"",
					"\"${PODS_CONFIGURATION_BUILD_DIR}/MDFInternationalization\"",
					"\"${PODS_CONFIGURATION_BUILD_DIR}/MDFTextAccessibility\"",
					"\"${PODS_CONFIGURATION_BUILD_DIR}/MaterialComponents\"",
					"\"${PODS_CONFIGURATION_BUILD_DIR}/MotionAnimator\"",
					"\"${PODS_CONFIGURATION_BUILD_DIR}/MotionInterchange\"",
					"\"${PODS_CONFIGURATION_BUILD_DIR}/MotionTransitioning\"",
					"\"${PODS_ROOT}/Crashlytics/iOS\"",
					"\"${PODS_ROOT}/Fabric/iOS\"",
					"$(SRCROOT)/../sessionize/lib/build/xcode-frameworks-test",
				);
				INFOPLIST_FILE = iosAppTests/Info.plist;
				LD_RUNPATH_SEARCH_PATHS = (
					"$(inherited)",
					"@executable_path/Frameworks",
					"@loader_path/Frameworks",
					"$(SRCROOT)/../sessionize/lib/build/xcode-frameworks-test",
				);
				PRODUCT_BUNDLE_IDENTIFIER = co.touchlab.iosAppTests;
				PRODUCT_NAME = "$(TARGET_NAME)";
				SWIFT_VERSION = 4.0;
				TARGETED_DEVICE_FAMILY = "1,2";
				TEST_HOST = "$(BUILT_PRODUCTS_DIR)/iosApp.app/iosApp";
			};
			name = Debug;
		};
		6356315920DC58F800BCCDF9 /* Release */ = {
			isa = XCBuildConfiguration;
			buildSettings = {
				ALWAYS_EMBED_SWIFT_STANDARD_LIBRARIES = YES;
				BUNDLE_LOADER = "$(TEST_HOST)";
				CODE_SIGN_STYLE = Automatic;
				FRAMEWORK_SEARCH_PATHS = (
					"$(inherited)",
					"\"${PODS_CONFIGURATION_BUILD_DIR}/Kingfisher\"",
					"\"${PODS_CONFIGURATION_BUILD_DIR}/MDFInternationalization\"",
					"\"${PODS_CONFIGURATION_BUILD_DIR}/MDFTextAccessibility\"",
					"\"${PODS_CONFIGURATION_BUILD_DIR}/MaterialComponents\"",
					"\"${PODS_CONFIGURATION_BUILD_DIR}/MotionAnimator\"",
					"\"${PODS_CONFIGURATION_BUILD_DIR}/MotionInterchange\"",
					"\"${PODS_CONFIGURATION_BUILD_DIR}/MotionTransitioning\"",
					"\"${PODS_ROOT}/Crashlytics/iOS\"",
					"\"${PODS_ROOT}/Fabric/iOS\"",
					"$(SRCROOT)/../sessionize/lib/build/xcode-frameworks-test",
				);
				INFOPLIST_FILE = iosAppTests/Info.plist;
				LD_RUNPATH_SEARCH_PATHS = (
					"$(inherited)",
					"@executable_path/Frameworks",
					"@loader_path/Frameworks",
					"$(SRCROOT)/../sessionize/lib/build/xcode-frameworks-test",
				);
				PRODUCT_BUNDLE_IDENTIFIER = co.touchlab.iosAppTests;
				PRODUCT_NAME = "$(TARGET_NAME)";
				SWIFT_VERSION = 4.0;
				TARGETED_DEVICE_FAMILY = "1,2";
				TEST_HOST = "$(BUILT_PRODUCTS_DIR)/iosApp.app/iosApp";
			};
			name = Release;
		};
		D46A4852224A80D200B1D60C /* Debug */ = {
			isa = XCBuildConfiguration;
			buildSettings = {
				CODE_SIGN_STYLE = Automatic;
				FRAMEWORK_SEARCH_PATHS = "$(SRCROOT)/../sessionize/lib/build/xcode-frameworks-test";
				INFOPLIST_FILE = iosAppKtTests/Info.plist;
				IPHONEOS_DEPLOYMENT_TARGET = 12.1;
				LD_RUNPATH_SEARCH_PATHS = (
					"$(inherited)",
					"@executable_path/Frameworks",
					"@loader_path/Frameworks",
					"$(SRCROOT)/../sessionize/lib/build/xcode-frameworks-test",
				);
				MTL_ENABLE_DEBUG_INFO = INCLUDE_SOURCE;
				MTL_FAST_MATH = YES;
				PRODUCT_BUNDLE_IDENTIFIER = co.touchlab.iosAppKtTests;
				PRODUCT_NAME = "$(TARGET_NAME)";
				SWIFT_VERSION = 4.2;
				TARGETED_DEVICE_FAMILY = "1,2";
			};
			name = Debug;
		};
		D46A4853224A80D200B1D60C /* Release */ = {
			isa = XCBuildConfiguration;
			buildSettings = {
				CODE_SIGN_STYLE = Automatic;
				FRAMEWORK_SEARCH_PATHS = "$(SRCROOT)/../sessionize/lib/build/xcode-frameworks-test";
				INFOPLIST_FILE = iosAppKtTests/Info.plist;
				IPHONEOS_DEPLOYMENT_TARGET = 12.1;
				LD_RUNPATH_SEARCH_PATHS = (
					"$(inherited)",
					"@executable_path/Frameworks",
					"@loader_path/Frameworks",
					"$(SRCROOT)/../sessionize/lib/build/xcode-frameworks-test",
				);
				MTL_FAST_MATH = YES;
				PRODUCT_BUNDLE_IDENTIFIER = co.touchlab.iosAppKtTests;
				PRODUCT_NAME = "$(TARGET_NAME)";
				SWIFT_VERSION = 4.2;
				TARGETED_DEVICE_FAMILY = "1,2";
			};
			name = Release;
		};
/* End XCBuildConfiguration section */

/* Begin XCConfigurationList section */
		6356313220DC58F600BCCDF9 /* Build configuration list for PBXProject "iosApp" */ = {
			isa = XCConfigurationList;
			buildConfigurations = (
				6356315220DC58F800BCCDF9 /* Debug */,
				6356315320DC58F800BCCDF9 /* Release */,
			);
			defaultConfigurationIsVisible = 0;
			defaultConfigurationName = Release;
		};
		6356315420DC58F800BCCDF9 /* Build configuration list for PBXNativeTarget "iosApp" */ = {
			isa = XCConfigurationList;
			buildConfigurations = (
				6356315520DC58F800BCCDF9 /* Debug */,
				6356315620DC58F800BCCDF9 /* Release */,
			);
			defaultConfigurationIsVisible = 0;
			defaultConfigurationName = Release;
		};
		6356315720DC58F800BCCDF9 /* Build configuration list for PBXNativeTarget "iosAppTests" */ = {
			isa = XCConfigurationList;
			buildConfigurations = (
				6356315820DC58F800BCCDF9 /* Debug */,
				6356315920DC58F800BCCDF9 /* Release */,
			);
			defaultConfigurationIsVisible = 0;
			defaultConfigurationName = Release;
		};
		D46A4851224A80D200B1D60C /* Build configuration list for PBXNativeTarget "iosAppKtTests" */ = {
			isa = XCConfigurationList;
			buildConfigurations = (
				D46A4852224A80D200B1D60C /* Debug */,
				D46A4853224A80D200B1D60C /* Release */,
			);
			defaultConfigurationIsVisible = 0;
			defaultConfigurationName = Release;
		};
/* End XCConfigurationList section */
	};
	rootObject = 6356312F20DC58F600BCCDF9 /* Project object */;
}
